
Microsoft Visual Studio Solution File, Format Version 12.00
# Visual Studio Version 17
VisualStudioVersion = 17.7.34031.279
MinimumVisualStudioVersion = 10.0.40219.1
Project("{FAE04EC0-301F-11D3-BF4B-00C04F79EFBC}") = "git_nhom", "git_nhom\git_nhom.csproj", "{AB2D10F0-7B93-458F-A65A-0DC163AC6188}"
EndProject
Global
	GlobalSection(SolutionConfigurationPlatforms) = preSolution
		Debug|Any CPU = Debug|Any CPU
		Release|Any CPU = Release|Any CPU
	EndGlobalSection
	GlobalSection(ProjectConfigurationPlatforms) = postSolution
		{AB2D10F0-7B93-458F-A65A-0DC163AC6188}.Debug|Any CPU.ActiveCfg = Debug|Any CPU
		{AB2D10F0-7B93-458F-A65A-0DC163AC6188}.Debug|Any CPU.Build.0 = Debug|Any CPU
		{AB2D10F0-7B93-458F-A65A-0DC163AC6188}.Release|Any CPU.ActiveCfg = Release|Any CPU
		{AB2D10F0-7B93-458F-A65A-0DC163AC6188}.Release|Any CPU.Build.0 = Release|Any CPU
	EndGlobalSection
	GlobalSection(SolutionProperties) = preSolution
		HideSolutionNode = FALSE
	EndGlobalSection
	GlobalSection(ExtensibilityGlobals) = postSolution
		SolutionGuid = {813555BC-B84B-4A34-A736-CDF7465E5F82}
	EndGlobalSection
EndGlobal
